
Microsoft Visual Studio Solution File, Format Version 12.00
# Visual Studio Version 17
VisualStudioVersion = 17.8.34309.116
MinimumVisualStudioVersion = 10.0.40219.1
Project("{2150E333-8FDC-42A3-9474-1A3956D46DE8}") = "Solution Items", "Solution Items", "{18B9A9DC-0797-441E-844E-C966B1019EFD}"
	ProjectSection(SolutionItems) = preProject
		readme.md = readme.md
	EndProjectSection
EndProject
Project("{9A19103F-16F7-4668-BE54-9A1E7A4F7556}") = "03-MonthNames", "03-MonthNames\03-MonthNames.csproj", "{F331E6EF-5A31-40EB-A6AE-4F0BAC87E2F3}"
EndProject
Project("{9A19103F-16F7-4668-BE54-9A1E7A4F7556}") = "03-GameMap", "03-GameMap\03-GameMap.csproj", "{0EFD26E6-D35B-4621-BA4D-34404703997D}"
EndProject
Project("{9A19103F-16F7-4668-BE54-9A1E7A4F7556}") = "03-YearlyTransportPlan", "03-YearlyTransportPlan\03-YearlyTransportPlan.csproj", "{7E561CA8-A2E7-427F-9BF9-C1E2A701B607}"
EndProject
Project("{9A19103F-16F7-4668-BE54-9A1E7A4F7556}") = "03-SortingAlgorithms", "03-SortingAlgorithms\03-SortingAlgorithms.csproj", "{481D4B32-0DDE-49D1-AF26-1358FD60CE56}"
EndProject
Project("{9A19103F-16F7-4668-BE54-9A1E7A4F7556}") = "03-MultiplicationTable", "03-MultiplicationTable\03-MultiplicationTable.csproj", "{55708A76-4F8F-4BAF-A648-CA6CA1ECE606}"
EndProject
Project("{9A19103F-16F7-4668-BE54-9A1E7A4F7556}") = "04-AverageValue", "04-AverageValue\04-AverageValue.csproj", "{941F12AF-2651-4C21-9E5F-C1A09193C9C3}"
EndProject
Project("{9A19103F-16F7-4668-BE54-9A1E7A4F7556}") = "04-ListOfPeople", "04-ListOfPeople\04-ListOfPeople.csproj", "{16506F0A-1C51-4DFF-B45F-47A25EDA1AF3}"
EndProject
Project("{9A19103F-16F7-4668-BE54-9A1E7A4F7556}") = "04-AddressBook", "04-AddressBook\04-AddressBook.csproj", "{2FBD3412-C2EA-4A8D-904A-CA6F96ADD2EB}"
EndProject
Project("{9A19103F-16F7-4668-BE54-9A1E7A4F7556}") = "04-BookReader", "04-BookReader\04-BookReader.csproj", "{75629CA5-27C2-4473-9209-52E761FAE85C}"
EndProject
Project("{9A19103F-16F7-4668-BE54-9A1E7A4F7556}") = "04-SpinTheWheel", "04-SpinTheWheel\04-SpinTheWheel.csproj", "{6862634A-D036-42A9-A49A-9A2F4F1D49AA}"
EndProject
Project("{9A19103F-16F7-4668-BE54-9A1E7A4F7556}") = "04-ArtGallery", "04-ArtGallery\04-ArtGallery.csproj", "{4C8B36AE-711E-4A51-97E2-FA0BACF0DAFA}"
EndProject
Project("{9A19103F-16F7-4668-BE54-9A1E7A4F7556}") = "05-ReversingWord", "05-ReversingWord\05-ReversingWord.csproj", "{B52BB3E9-3F1E-4AC6-BF4A-A63B0D182625}"
EndProject
Project("{9A19103F-16F7-4668-BE54-9A1E7A4F7556}") = "05-TowerOfHanoi", "05-TowerOfHanoi\05-TowerOfHanoi.csproj", "{D4F3A0E7-29EF-48A2-A5B1-A125AB4C0FC1}"
EndProject
Project("{9A19103F-16F7-4668-BE54-9A1E7A4F7556}") = "05-CallCenterSingleConsultant", "05-CallCenterSingleConsultant\05-CallCenterSingleConsultant.csproj", "{5EDDECCB-30B2-4265-A240-BAF8830E340E}"
EndProject
Project("{9A19103F-16F7-4668-BE54-9A1E7A4F7556}") = "05-CallCenterManyConsultants", "05-CallCenterManyConsultants\05-CallCenterManyConsultants.csproj", "{A08E9A53-43B3-4040-BE2F-DC617C8547ED}"
EndProject
Project("{9A19103F-16F7-4668-BE54-9A1E7A4F7556}") = "05-CallCenterPrioritySupport", "05-CallCenterPrioritySupport\05-CallCenterPrioritySupport.csproj", "{B3076BD8-8E43-4593-879F-48E1571CF8EE}"
EndProject
Project("{9A19103F-16F7-4668-BE54-9A1E7A4F7556}") = "05-GravityRollerCoaster", "05-GravityRollerCoaster\05-GravityRollerCoaster.csproj", "{81365CDB-C249-4128-8B1A-56FAD47C3605}"
EndProject
Project("{9A19103F-16F7-4668-BE54-9A1E7A4F7556}") = "06-PhoneBook", "06-PhoneBook\06-PhoneBook.csproj", "{0366801E-9010-4CFB-AE93-7A53C498945E}"
EndProject
Project("{9A19103F-16F7-4668-BE54-9A1E7A4F7556}") = "06-UserDetails", "06-UserDetails\06-UserDetails.csproj", "{42386C08-26DA-46D7-8EFC-D2362B7F42BE}"
EndProject
Project("{9A19103F-16F7-4668-BE54-9A1E7A4F7556}") = "06-Encyclopedia", "06-Encyclopedia\06-Encyclopedia.csproj", "{83090CEF-232F-4DC7-B0A1-BFC9F3D95C97}"
EndProject
Project("{9A19103F-16F7-4668-BE54-9A1E7A4F7556}") = "06-ProductLocation", "06-ProductLocation\06-ProductLocation.csproj", "{A708EB72-597E-4265-A8FF-6D0A7A14891E}"
EndProject
Project("{9A19103F-16F7-4668-BE54-9A1E7A4F7556}") = "06-Coupons", "06-Coupons\06-Coupons.csproj", "{15581515-A9D6-4B54-BEB1-1A3845D35DA6}"
EndProject
Project("{9A19103F-16F7-4668-BE54-9A1E7A4F7556}") = "06-SwimmingPools", "06-SwimmingPools\06-SwimmingPools.csproj", "{30C78C1B-77CC-4073-A36F-FC482EE14570}"
EndProject
Project("{9A19103F-16F7-4668-BE54-9A1E7A4F7556}") = "06-RemovingDuplicates", "06-RemovingDuplicates\06-RemovingDuplicates.csproj", "{7C6C6768-BE1E-4186-9E0E-8A7832AB42F8}"
EndProject
Project("{9A19103F-16F7-4668-BE54-9A1E7A4F7556}") = "07-Tree", "07-Tree\07-Tree.csproj", "{378623C4-AC42-4685-91DD-A38D96109EF3}"
EndProject
Project("{9A19103F-16F7-4668-BE54-9A1E7A4F7556}") = "07-HierarchyOfIdentifiers", "07-HierarchyOfIdentifiers\07-HierarchyOfIdentifiers.csproj", "{73C2D7E1-3AA8-47F9-AC62-7EF52E310BD9}"
EndProject
Project("{9A19103F-16F7-4668-BE54-9A1E7A4F7556}") = "07-CompanyStructure", "07-CompanyStructure\07-CompanyStructure.csproj", "{DBAC6594-41A4-4BA1-8053-F76633CAF325}"
EndProject
Project("{9A19103F-16F7-4668-BE54-9A1E7A4F7556}") = "07-SimpleQuiz", "07-SimpleQuiz\07-SimpleQuiz.csproj", "{75939BA3-7A51-4AD0-9B20-B66610694025}"
EndProject
Project("{9A19103F-16F7-4668-BE54-9A1E7A4F7556}") = "07-BSTVisualization", "07-BSTVisualization\07-BSTVisualization.csproj", "{432E7FD3-2DDD-4F6B-9856-F0A157DA9A23}"
EndProject
Project("{9A19103F-16F7-4668-BE54-9A1E7A4F7556}") = "07-AutoComplete", "07-AutoComplete\07-AutoComplete.csproj", "{203C82FB-9678-4129-B4E8-8737E19EE4CD}"
EndProject
Project("{9A19103F-16F7-4668-BE54-9A1E7A4F7556}") = "08-Graph", "08-Graph\08-Graph.csproj", "{924C584B-4E73-4823-8561-0771CC7201B4}"
EndProject
Project("{9A19103F-16F7-4668-BE54-9A1E7A4F7556}") = "08-UndirectedUnweightedEdges", "08-UndirectedUnweightedEdges\08-UndirectedUnweightedEdges.csproj", "{6AABBC33-588C-4DB9-A386-271897D5F68F}"
EndProject
Project("{9A19103F-16F7-4668-BE54-9A1E7A4F7556}") = "08-DirectedWeightedEdges", "08-DirectedWeightedEdges\08-DirectedWeightedEdges.csproj", "{A13BF861-66D4-4EF0-AEBF-7C69FD472A9F}"
EndProject
Project("{9A19103F-16F7-4668-BE54-9A1E7A4F7556}") = "08-TelecommunicationCable", "08-TelecommunicationCable\08-TelecommunicationCable.csproj", "{881CEC41-C162-4085-ADCE-5174034FA3BF}"
EndProject
Project("{9A19103F-16F7-4668-BE54-9A1E7A4F7556}") = "08-VoivodeshipMap", "08-VoivodeshipMap\08-VoivodeshipMap.csproj", "{E7A9D647-8F56-4239-B9B8-D80FDD8377F2}"
EndProject
Project("{9A19103F-16F7-4668-BE54-9A1E7A4F7556}") = "08-PathInGame", "08-PathInGame\08-PathInGame.csproj", "{B7B77C6F-A673-4527-924D-D78C9199EF16}"
EndProject
Project("{9A19103F-16F7-4668-BE54-9A1E7A4F7556}") = "09-FibonacciSeries", "09-FibonacciSeries\09-FibonacciSeries.csproj", "{C33D3219-49A2-4736-BB8B-3171CD7A8D29}"
EndProject
Project("{9A19103F-16F7-4668-BE54-9A1E7A4F7556}") = "09-MinimumCoinChange", "09-MinimumCoinChange\09-MinimumCoinChange.csproj", "{92D21270-1D3B-441A-A365-347220794A48}"
EndProject
Project("{9A19103F-16F7-4668-BE54-9A1E7A4F7556}") = "09-ClosestPairOfPoints", "09-ClosestPairOfPoints\09-ClosestPairOfPoints.csproj", "{2D8AFB34-406E-49CD-8FA9-56692D8FD735}"
EndProject
Project("{9A19103F-16F7-4668-BE54-9A1E7A4F7556}") = "09-FractalGeneration", "09-FractalGeneration\09-FractalGeneration.csproj", "{AF44B17E-4F5B-4B32-B454-16281E796BDA}"
EndProject
Project("{9A19103F-16F7-4668-BE54-9A1E7A4F7556}") = "09-RatInMaze", "09-RatInMaze\09-RatInMaze.csproj", "{886CDDE5-85E0-453C-B857-D0F8DB0F07B9}"
EndProject
Project("{9A19103F-16F7-4668-BE54-9A1E7A4F7556}") = "09-SudokuPuzzle", "09-SudokuPuzzle\09-SudokuPuzzle.csproj", "{4B610F83-2840-42DB-86CE-B4379A787AA7}"
EndProject
Project("{9A19103F-16F7-4668-BE54-9A1E7A4F7556}") = "09-TitleGuess", "09-TitleGuess\09-TitleGuess.csproj", "{8B295230-D4DE-4AD4-94FC-50691CE717DD}"
EndProject
Project("{9A19103F-16F7-4668-BE54-9A1E7A4F7556}") = "09-PasswordGuess", "09-PasswordGuess\09-PasswordGuess.csproj", "{F66F6AE0-5970-444A-BF13-3CEC22AD1A3F}"
EndProject
Project("{2150E333-8FDC-42A3-9474-1A3956D46DE8}") = "Chapter-03", "Chapter-03", "{E92C382E-BCAD-4B14-9D7D-5BF64353B6E6}"
EndProject
Project("{2150E333-8FDC-42A3-9474-1A3956D46DE8}") = "Chapter-04", "Chapter-04", "{F195B755-FA4D-4A73-B4BF-9C42A400744D}"
EndProject
Project("{2150E333-8FDC-42A3-9474-1A3956D46DE8}") = "Chapter-05", "Chapter-05", "{05CFB6CE-3F6D-458D-AB4B-7505CFB7E151}"
EndProject
Project("{2150E333-8FDC-42A3-9474-1A3956D46DE8}") = "Chapter-06", "Chapter-06", "{3C036A7C-E6DC-413A-9867-772D601E5F43}"
EndProject
Project("{2150E333-8FDC-42A3-9474-1A3956D46DE8}") = "Chapter-07", "Chapter-07", "{653528DA-B8A3-43FB-A805-BC9B9BD0FCB4}"
EndProject
Project("{2150E333-8FDC-42A3-9474-1A3956D46DE8}") = "Chapter-08", "Chapter-08", "{05E321BC-F2DE-4B26-9A26-30D75A2F5546}"
EndProject
Project("{2150E333-8FDC-42A3-9474-1A3956D46DE8}") = "Chapter-09", "Chapter-09", "{1A270F0C-44AA-4A2A-96F8-6FF3F593D055}"
EndProject
Global
	GlobalSection(SolutionConfigurationPlatforms) = preSolution
		Debug|Any CPU = Debug|Any CPU
		Release|Any CPU = Release|Any CPU
	EndGlobalSection
	GlobalSection(ProjectConfigurationPlatforms) = postSolution
		{F331E6EF-5A31-40EB-A6AE-4F0BAC87E2F3}.Debug|Any CPU.ActiveCfg = Debug|Any CPU
		{F331E6EF-5A31-40EB-A6AE-4F0BAC87E2F3}.Debug|Any CPU.Build.0 = Debug|Any CPU
		{F331E6EF-5A31-40EB-A6AE-4F0BAC87E2F3}.Release|Any CPU.ActiveCfg = Release|Any CPU
		{F331E6EF-5A31-40EB-A6AE-4F0BAC87E2F3}.Release|Any CPU.Build.0 = Release|Any CPU
		{0EFD26E6-D35B-4621-BA4D-34404703997D}.Debug|Any CPU.ActiveCfg = Debug|Any CPU
		{0EFD26E6-D35B-4621-BA4D-34404703997D}.Debug|Any CPU.Build.0 = Debug|Any CPU
		{0EFD26E6-D35B-4621-BA4D-34404703997D}.Release|Any CPU.ActiveCfg = Release|Any CPU
		{0EFD26E6-D35B-4621-BA4D-34404703997D}.Release|Any CPU.Build.0 = Release|Any CPU
		{7E561CA8-A2E7-427F-9BF9-C1E2A701B607}.Debug|Any CPU.ActiveCfg = Debug|Any CPU
		{7E561CA8-A2E7-427F-9BF9-C1E2A701B607}.Debug|Any CPU.Build.0 = Debug|Any CPU
		{7E561CA8-A2E7-427F-9BF9-C1E2A701B607}.Release|Any CPU.ActiveCfg = Release|Any CPU
		{7E561CA8-A2E7-427F-9BF9-C1E2A701B607}.Release|Any CPU.Build.0 = Release|Any CPU
		{481D4B32-0DDE-49D1-AF26-1358FD60CE56}.Debug|Any CPU.ActiveCfg = Debug|Any CPU
		{481D4B32-0DDE-49D1-AF26-1358FD60CE56}.Debug|Any CPU.Build.0 = Debug|Any CPU
		{481D4B32-0DDE-49D1-AF26-1358FD60CE56}.Release|Any CPU.ActiveCfg = Release|Any CPU
		{481D4B32-0DDE-49D1-AF26-1358FD60CE56}.Release|Any CPU.Build.0 = Release|Any CPU
		{55708A76-4F8F-4BAF-A648-CA6CA1ECE606}.Debug|Any CPU.ActiveCfg = Debug|Any CPU
		{55708A76-4F8F-4BAF-A648-CA6CA1ECE606}.Debug|Any CPU.Build.0 = Debug|Any CPU
		{55708A76-4F8F-4BAF-A648-CA6CA1ECE606}.Release|Any CPU.ActiveCfg = Release|Any CPU
		{55708A76-4F8F-4BAF-A648-CA6CA1ECE606}.Release|Any CPU.Build.0 = Release|Any CPU
		{941F12AF-2651-4C21-9E5F-C1A09193C9C3}.Debug|Any CPU.ActiveCfg = Debug|Any CPU
		{941F12AF-2651-4C21-9E5F-C1A09193C9C3}.Debug|Any CPU.Build.0 = Debug|Any CPU
		{941F12AF-2651-4C21-9E5F-C1A09193C9C3}.Release|Any CPU.ActiveCfg = Release|Any CPU
		{941F12AF-2651-4C21-9E5F-C1A09193C9C3}.Release|Any CPU.Build.0 = Release|Any CPU
		{16506F0A-1C51-4DFF-B45F-47A25EDA1AF3}.Debug|Any CPU.ActiveCfg = Debug|Any CPU
		{16506F0A-1C51-4DFF-B45F-47A25EDA1AF3}.Debug|Any CPU.Build.0 = Debug|Any CPU
		{16506F0A-1C51-4DFF-B45F-47A25EDA1AF3}.Release|Any CPU.ActiveCfg = Release|Any CPU
		{16506F0A-1C51-4DFF-B45F-47A25EDA1AF3}.Release|Any CPU.Build.0 = Release|Any CPU
		{2FBD3412-C2EA-4A8D-904A-CA6F96ADD2EB}.Debug|Any CPU.ActiveCfg = Debug|Any CPU
		{2FBD3412-C2EA-4A8D-904A-CA6F96ADD2EB}.Debug|Any CPU.Build.0 = Debug|Any CPU
		{2FBD3412-C2EA-4A8D-904A-CA6F96ADD2EB}.Release|Any CPU.ActiveCfg = Release|Any CPU
		{2FBD3412-C2EA-4A8D-904A-CA6F96ADD2EB}.Release|Any CPU.Build.0 = Release|Any CPU
		{75629CA5-27C2-4473-9209-52E761FAE85C}.Debug|Any CPU.ActiveCfg = Debug|Any CPU
		{75629CA5-27C2-4473-9209-52E761FAE85C}.Debug|Any CPU.Build.0 = Debug|Any CPU
		{75629CA5-27C2-4473-9209-52E761FAE85C}.Release|Any CPU.ActiveCfg = Release|Any CPU
		{75629CA5-27C2-4473-9209-52E761FAE85C}.Release|Any CPU.Build.0 = Release|Any CPU
		{6862634A-D036-42A9-A49A-9A2F4F1D49AA}.Debug|Any CPU.ActiveCfg = Debug|Any CPU
		{6862634A-D036-42A9-A49A-9A2F4F1D49AA}.Debug|Any CPU.Build.0 = Debug|Any CPU
		{6862634A-D036-42A9-A49A-9A2F4F1D49AA}.Release|Any CPU.ActiveCfg = Release|Any CPU
		{6862634A-D036-42A9-A49A-9A2F4F1D49AA}.Release|Any CPU.Build.0 = Release|Any CPU
		{4C8B36AE-711E-4A51-97E2-FA0BACF0DAFA}.Debug|Any CPU.ActiveCfg = Debug|Any CPU
		{4C8B36AE-711E-4A51-97E2-FA0BACF0DAFA}.Debug|Any CPU.Build.0 = Debug|Any CPU
		{4C8B36AE-711E-4A51-97E2-FA0BACF0DAFA}.Release|Any CPU.ActiveCfg = Release|Any CPU
		{4C8B36AE-711E-4A51-97E2-FA0BACF0DAFA}.Release|Any CPU.Build.0 = Release|Any CPU
		{B52BB3E9-3F1E-4AC6-BF4A-A63B0D182625}.Debug|Any CPU.ActiveCfg = Debug|Any CPU
		{B52BB3E9-3F1E-4AC6-BF4A-A63B0D182625}.Debug|Any CPU.Build.0 = Debug|Any CPU
		{B52BB3E9-3F1E-4AC6-BF4A-A63B0D182625}.Release|Any CPU.ActiveCfg = Release|Any CPU
		{B52BB3E9-3F1E-4AC6-BF4A-A63B0D182625}.Release|Any CPU.Build.0 = Release|Any CPU
		{D4F3A0E7-29EF-48A2-A5B1-A125AB4C0FC1}.Debug|Any CPU.ActiveCfg = Debug|Any CPU
		{D4F3A0E7-29EF-48A2-A5B1-A125AB4C0FC1}.Debug|Any CPU.Build.0 = Debug|Any CPU
		{D4F3A0E7-29EF-48A2-A5B1-A125AB4C0FC1}.Release|Any CPU.ActiveCfg = Release|Any CPU
		{D4F3A0E7-29EF-48A2-A5B1-A125AB4C0FC1}.Release|Any CPU.Build.0 = Release|Any CPU
		{5EDDECCB-30B2-4265-A240-BAF8830E340E}.Debug|Any CPU.ActiveCfg = Debug|Any CPU
		{5EDDECCB-30B2-4265-A240-BAF8830E340E}.Debug|Any CPU.Build.0 = Debug|Any CPU
		{5EDDECCB-30B2-4265-A240-BAF8830E340E}.Release|Any CPU.ActiveCfg = Release|Any CPU
		{5EDDECCB-30B2-4265-A240-BAF8830E340E}.Release|Any CPU.Build.0 = Release|Any CPU
		{A08E9A53-43B3-4040-BE2F-DC617C8547ED}.Debug|Any CPU.ActiveCfg = Debug|Any CPU
		{A08E9A53-43B3-4040-BE2F-DC617C8547ED}.Debug|Any CPU.Build.0 = Debug|Any CPU
		{A08E9A53-43B3-4040-BE2F-DC617C8547ED}.Release|Any CPU.ActiveCfg = Release|Any CPU
		{A08E9A53-43B3-4040-BE2F-DC617C8547ED}.Release|Any CPU.Build.0 = Release|Any CPU
		{B3076BD8-8E43-4593-879F-48E1571CF8EE}.Debug|Any CPU.ActiveCfg = Debug|Any CPU
		{B3076BD8-8E43-4593-879F-48E1571CF8EE}.Debug|Any CPU.Build.0 = Debug|Any CPU
		{B3076BD8-8E43-4593-879F-48E1571CF8EE}.Release|Any CPU.ActiveCfg = Release|Any CPU
		{B3076BD8-8E43-4593-879F-48E1571CF8EE}.Release|Any CPU.Build.0 = Release|Any CPU
		{81365CDB-C249-4128-8B1A-56FAD47C3605}.Debug|Any CPU.ActiveCfg = Debug|Any CPU
		{81365CDB-C249-4128-8B1A-56FAD47C3605}.Debug|Any CPU.Build.0 = Debug|Any CPU
		{81365CDB-C249-4128-8B1A-56FAD47C3605}.Release|Any CPU.ActiveCfg = Release|Any CPU
		{81365CDB-C249-4128-8B1A-56FAD47C3605}.Release|Any CPU.Build.0 = Release|Any CPU
		{0366801E-9010-4CFB-AE93-7A53C498945E}.Debug|Any CPU.ActiveCfg = Debug|Any CPU
		{0366801E-9010-4CFB-AE93-7A53C498945E}.Debug|Any CPU.Build.0 = Debug|Any CPU
		{0366801E-9010-4CFB-AE93-7A53C498945E}.Release|Any CPU.ActiveCfg = Release|Any CPU
		{0366801E-9010-4CFB-AE93-7A53C498945E}.Release|Any CPU.Build.0 = Release|Any CPU
		{42386C08-26DA-46D7-8EFC-D2362B7F42BE}.Debug|Any CPU.ActiveCfg = Debug|Any CPU
		{42386C08-26DA-46D7-8EFC-D2362B7F42BE}.Debug|Any CPU.Build.0 = Debug|Any CPU
		{42386C08-26DA-46D7-8EFC-D2362B7F42BE}.Release|Any CPU.ActiveCfg = Release|Any CPU
		{42386C08-26DA-46D7-8EFC-D2362B7F42BE}.Release|Any CPU.Build.0 = Release|Any CPU
		{83090CEF-232F-4DC7-B0A1-BFC9F3D95C97}.Debug|Any CPU.ActiveCfg = Debug|Any CPU
		{83090CEF-232F-4DC7-B0A1-BFC9F3D95C97}.Debug|Any CPU.Build.0 = Debug|Any CPU
		{83090CEF-232F-4DC7-B0A1-BFC9F3D95C97}.Release|Any CPU.ActiveCfg = Release|Any CPU
		{83090CEF-232F-4DC7-B0A1-BFC9F3D95C97}.Release|Any CPU.Build.0 = Release|Any CPU
		{A708EB72-597E-4265-A8FF-6D0A7A14891E}.Debug|Any CPU.ActiveCfg = Debug|Any CPU
		{A708EB72-597E-4265-A8FF-6D0A7A14891E}.Debug|Any CPU.Build.0 = Debug|Any CPU
		{A708EB72-597E-4265-A8FF-6D0A7A14891E}.Release|Any CPU.ActiveCfg = Release|Any CPU
		{A708EB72-597E-4265-A8FF-6D0A7A14891E}.Release|Any CPU.Build.0 = Release|Any CPU
		{15581515-A9D6-4B54-BEB1-1A3845D35DA6}.Debug|Any CPU.ActiveCfg = Debug|Any CPU
		{15581515-A9D6-4B54-BEB1-1A3845D35DA6}.Debug|Any CPU.Build.0 = Debug|Any CPU
		{15581515-A9D6-4B54-BEB1-1A3845D35DA6}.Release|Any CPU.ActiveCfg = Release|Any CPU
		{15581515-A9D6-4B54-BEB1-1A3845D35DA6}.Release|Any CPU.Build.0 = Release|Any CPU
		{30C78C1B-77CC-4073-A36F-FC482EE14570}.Debug|Any CPU.ActiveCfg = Debug|Any CPU
		{30C78C1B-77CC-4073-A36F-FC482EE14570}.Debug|Any CPU.Build.0 = Debug|Any CPU
		{30C78C1B-77CC-4073-A36F-FC482EE14570}.Release|Any CPU.ActiveCfg = Release|Any CPU
		{30C78C1B-77CC-4073-A36F-FC482EE14570}.Release|Any CPU.Build.0 = Release|Any CPU
		{7C6C6768-BE1E-4186-9E0E-8A7832AB42F8}.Debug|Any CPU.ActiveCfg = Debug|Any CPU
		{7C6C6768-BE1E-4186-9E0E-8A7832AB42F8}.Debug|Any CPU.Build.0 = Debug|Any CPU
		{7C6C6768-BE1E-4186-9E0E-8A7832AB42F8}.Release|Any CPU.ActiveCfg = Release|Any CPU
		{7C6C6768-BE1E-4186-9E0E-8A7832AB42F8}.Release|Any CPU.Build.0 = Release|Any CPU
		{378623C4-AC42-4685-91DD-A38D96109EF3}.Debug|Any CPU.ActiveCfg = Debug|Any CPU
		{378623C4-AC42-4685-91DD-A38D96109EF3}.Debug|Any CPU.Build.0 = Debug|Any CPU
		{378623C4-AC42-4685-91DD-A38D96109EF3}.Release|Any CPU.ActiveCfg = Release|Any CPU
		{378623C4-AC42-4685-91DD-A38D96109EF3}.Release|Any CPU.Build.0 = Release|Any CPU
		{73C2D7E1-3AA8-47F9-AC62-7EF52E310BD9}.Debug|Any CPU.ActiveCfg = Debug|Any CPU
		{73C2D7E1-3AA8-47F9-AC62-7EF52E310BD9}.Debug|Any CPU.Build.0 = Debug|Any CPU
		{73C2D7E1-3AA8-47F9-AC62-7EF52E310BD9}.Release|Any CPU.ActiveCfg = Release|Any CPU
		{73C2D7E1-3AA8-47F9-AC62-7EF52E310BD9}.Release|Any CPU.Build.0 = Release|Any CPU
		{DBAC6594-41A4-4BA1-8053-F76633CAF325}.Debug|Any CPU.ActiveCfg = Debug|Any CPU
		{DBAC6594-41A4-4BA1-8053-F76633CAF325}.Debug|Any CPU.Build.0 = Debug|Any CPU
		{DBAC6594-41A4-4BA1-8053-F76633CAF325}.Release|Any CPU.ActiveCfg = Release|Any CPU
		{DBAC6594-41A4-4BA1-8053-F76633CAF325}.Release|Any CPU.Build.0 = Release|Any CPU
		{75939BA3-7A51-4AD0-9B20-B66610694025}.Debug|Any CPU.ActiveCfg = Debug|Any CPU
		{75939BA3-7A51-4AD0-9B20-B66610694025}.Debug|Any CPU.Build.0 = Debug|Any CPU
		{75939BA3-7A51-4AD0-9B20-B66610694025}.Release|Any CPU.ActiveCfg = Release|Any CPU
		{75939BA3-7A51-4AD0-9B20-B66610694025}.Release|Any CPU.Build.0 = Release|Any CPU
		{432E7FD3-2DDD-4F6B-9856-F0A157DA9A23}.Debug|Any CPU.ActiveCfg = Debug|Any CPU
		{432E7FD3-2DDD-4F6B-9856-F0A157DA9A23}.Debug|Any CPU.Build.0 = Debug|Any CPU
		{432E7FD3-2DDD-4F6B-9856-F0A157DA9A23}.Release|Any CPU.ActiveCfg = Release|Any CPU
		{432E7FD3-2DDD-4F6B-9856-F0A157DA9A23}.Release|Any CPU.Build.0 = Release|Any CPU
		{203C82FB-9678-4129-B4E8-8737E19EE4CD}.Debug|Any CPU.ActiveCfg = Debug|Any CPU
		{203C82FB-9678-4129-B4E8-8737E19EE4CD}.Debug|Any CPU.Build.0 = Debug|Any CPU
		{203C82FB-9678-4129-B4E8-8737E19EE4CD}.Release|Any CPU.ActiveCfg = Release|Any CPU
		{203C82FB-9678-4129-B4E8-8737E19EE4CD}.Release|Any CPU.Build.0 = Release|Any CPU
		{924C584B-4E73-4823-8561-0771CC7201B4}.Debug|Any CPU.ActiveCfg = Debug|Any CPU
		{924C584B-4E73-4823-8561-0771CC7201B4}.Debug|Any CPU.Build.0 = Debug|Any CPU
		{924C584B-4E73-4823-8561-0771CC7201B4}.Release|Any CPU.ActiveCfg = Release|Any CPU
		{924C584B-4E73-4823-8561-0771CC7201B4}.Release|Any CPU.Build.0 = Release|Any CPU
		{6AABBC33-588C-4DB9-A386-271897D5F68F}.Debug|Any CPU.ActiveCfg = Debug|Any CPU
		{6AABBC33-588C-4DB9-A386-271897D5F68F}.Debug|Any CPU.Build.0 = Debug|Any CPU
		{6AABBC33-588C-4DB9-A386-271897D5F68F}.Release|Any CPU.ActiveCfg = Release|Any CPU
		{6AABBC33-588C-4DB9-A386-271897D5F68F}.Release|Any CPU.Build.0 = Release|Any CPU
		{A13BF861-66D4-4EF0-AEBF-7C69FD472A9F}.Debug|Any CPU.ActiveCfg = Debug|Any CPU
		{A13BF861-66D4-4EF0-AEBF-7C69FD472A9F}.Debug|Any CPU.Build.0 = Debug|Any CPU
		{A13BF861-66D4-4EF0-AEBF-7C69FD472A9F}.Release|Any CPU.ActiveCfg = Release|Any CPU
		{A13BF861-66D4-4EF0-AEBF-7C69FD472A9F}.Release|Any CPU.Build.0 = Release|Any CPU
		{881CEC41-C162-4085-ADCE-5174034FA3BF}.Debug|Any CPU.ActiveCfg = Debug|Any CPU
		{881CEC41-C162-4085-ADCE-5174034FA3BF}.Debug|Any CPU.Build.0 = Debug|Any CPU
		{881CEC41-C162-4085-ADCE-5174034FA3BF}.Release|Any CPU.ActiveCfg = Release|Any CPU
		{881CEC41-C162-4085-ADCE-5174034FA3BF}.Release|Any CPU.Build.0 = Release|Any CPU
		{E7A9D647-8F56-4239-B9B8-D80FDD8377F2}.Debug|Any CPU.ActiveCfg = Debug|Any CPU
		{E7A9D647-8F56-4239-B9B8-D80FDD8377F2}.Debug|Any CPU.Build.0 = Debug|Any CPU
		{E7A9D647-8F56-4239-B9B8-D80FDD8377F2}.Release|Any CPU.ActiveCfg = Release|Any CPU
		{E7A9D647-8F56-4239-B9B8-D80FDD8377F2}.Release|Any CPU.Build.0 = Release|Any CPU
		{B7B77C6F-A673-4527-924D-D78C9199EF16}.Debug|Any CPU.ActiveCfg = Debug|Any CPU
		{B7B77C6F-A673-4527-924D-D78C9199EF16}.Debug|Any CPU.Build.0 = Debug|Any CPU
		{B7B77C6F-A673-4527-924D-D78C9199EF16}.Release|Any CPU.ActiveCfg = Release|Any CPU
		{B7B77C6F-A673-4527-924D-D78C9199EF16}.Release|Any CPU.Build.0 = Release|Any CPU
		{C33D3219-49A2-4736-BB8B-3171CD7A8D29}.Debug|Any CPU.ActiveCfg = Debug|Any CPU
		{C33D3219-49A2-4736-BB8B-3171CD7A8D29}.Debug|Any CPU.Build.0 = Debug|Any CPU
		{C33D3219-49A2-4736-BB8B-3171CD7A8D29}.Release|Any CPU.ActiveCfg = Release|Any CPU
		{C33D3219-49A2-4736-BB8B-3171CD7A8D29}.Release|Any CPU.Build.0 = Release|Any CPU
		{92D21270-1D3B-441A-A365-347220794A48}.Debug|Any CPU.ActiveCfg = Debug|Any CPU
		{92D21270-1D3B-441A-A365-347220794A48}.Debug|Any CPU.Build.0 = Debug|Any CPU
		{92D21270-1D3B-441A-A365-347220794A48}.Release|Any CPU.ActiveCfg = Release|Any CPU
		{92D21270-1D3B-441A-A365-347220794A48}.Release|Any CPU.Build.0 = Release|Any CPU
		{2D8AFB34-406E-49CD-8FA9-56692D8FD735}.Debug|Any CPU.ActiveCfg = Debug|Any CPU
		{2D8AFB34-406E-49CD-8FA9-56692D8FD735}.Debug|Any CPU.Build.0 = Debug|Any CPU
		{2D8AFB34-406E-49CD-8FA9-56692D8FD735}.Release|Any CPU.ActiveCfg = Release|Any CPU
		{2D8AFB34-406E-49CD-8FA9-56692D8FD735}.Release|Any CPU.Build.0 = Release|Any CPU
		{AF44B17E-4F5B-4B32-B454-16281E796BDA}.Debug|Any CPU.ActiveCfg = Debug|Any CPU
		{AF44B17E-4F5B-4B32-B454-16281E796BDA}.Debug|Any CPU.Build.0 = Debug|Any CPU
		{AF44B17E-4F5B-4B32-B454-16281E796BDA}.Release|Any CPU.ActiveCfg = Release|Any CPU
		{AF44B17E-4F5B-4B32-B454-16281E796BDA}.Release|Any CPU.Build.0 = Release|Any CPU
		{886CDDE5-85E0-453C-B857-D0F8DB0F07B9}.Debug|Any CPU.ActiveCfg = Debug|Any CPU
		{886CDDE5-85E0-453C-B857-D0F8DB0F07B9}.Debug|Any CPU.Build.0 = Debug|Any CPU
		{886CDDE5-85E0-453C-B857-D0F8DB0F07B9}.Release|Any CPU.ActiveCfg = Release|Any CPU
		{886CDDE5-85E0-453C-B857-D0F8DB0F07B9}.Release|Any CPU.Build.0 = Release|Any CPU
		{4B610F83-2840-42DB-86CE-B4379A787AA7}.Debug|Any CPU.ActiveCfg = Debug|Any CPU
		{4B610F83-2840-42DB-86CE-B4379A787AA7}.Debug|Any CPU.Build.0 = Debug|Any CPU
		{4B610F83-2840-42DB-86CE-B4379A787AA7}.Release|Any CPU.ActiveCfg = Release|Any CPU
		{4B610F83-2840-42DB-86CE-B4379A787AA7}.Release|Any CPU.Build.0 = Release|Any CPU
		{8B295230-D4DE-4AD4-94FC-50691CE717DD}.Debug|Any CPU.ActiveCfg = Debug|Any CPU
		{8B295230-D4DE-4AD4-94FC-50691CE717DD}.Debug|Any CPU.Build.0 = Debug|Any CPU
		{8B295230-D4DE-4AD4-94FC-50691CE717DD}.Release|Any CPU.ActiveCfg = Release|Any CPU
		{8B295230-D4DE-4AD4-94FC-50691CE717DD}.Release|Any CPU.Build.0 = Release|Any CPU
		{F66F6AE0-5970-444A-BF13-3CEC22AD1A3F}.Debug|Any CPU.ActiveCfg = Debug|Any CPU
		{F66F6AE0-5970-444A-BF13-3CEC22AD1A3F}.Debug|Any CPU.Build.0 = Debug|Any CPU
		{F66F6AE0-5970-444A-BF13-3CEC22AD1A3F}.Release|Any CPU.ActiveCfg = Release|Any CPU
		{F66F6AE0-5970-444A-BF13-3CEC22AD1A3F}.Release|Any CPU.Build.0 = Release|Any CPU
	EndGlobalSection
	GlobalSection(SolutionProperties) = preSolution
		HideSolutionNode = FALSE
	EndGlobalSection
	GlobalSection(NestedProjects) = preSolution
		{F331E6EF-5A31-40EB-A6AE-4F0BAC87E2F3} = {E92C382E-BCAD-4B14-9D7D-5BF64353B6E6}
		{0EFD26E6-D35B-4621-BA4D-34404703997D} = {E92C382E-BCAD-4B14-9D7D-5BF64353B6E6}
		{7E561CA8-A2E7-427F-9BF9-C1E2A701B607} = {E92C382E-BCAD-4B14-9D7D-5BF64353B6E6}
		{481D4B32-0DDE-49D1-AF26-1358FD60CE56} = {E92C382E-BCAD-4B14-9D7D-5BF64353B6E6}
		{55708A76-4F8F-4BAF-A648-CA6CA1ECE606} = {E92C382E-BCAD-4B14-9D7D-5BF64353B6E6}
		{941F12AF-2651-4C21-9E5F-C1A09193C9C3} = {F195B755-FA4D-4A73-B4BF-9C42A400744D}
		{16506F0A-1C51-4DFF-B45F-47A25EDA1AF3} = {F195B755-FA4D-4A73-B4BF-9C42A400744D}
		{2FBD3412-C2EA-4A8D-904A-CA6F96ADD2EB} = {F195B755-FA4D-4A73-B4BF-9C42A400744D}
		{75629CA5-27C2-4473-9209-52E761FAE85C} = {F195B755-FA4D-4A73-B4BF-9C42A400744D}
		{6862634A-D036-42A9-A49A-9A2F4F1D49AA} = {F195B755-FA4D-4A73-B4BF-9C42A400744D}
		{4C8B36AE-711E-4A51-97E2-FA0BACF0DAFA} = {F195B755-FA4D-4A73-B4BF-9C42A400744D}
		{B52BB3E9-3F1E-4AC6-BF4A-A63B0D182625} = {05CFB6CE-3F6D-458D-AB4B-7505CFB7E151}
		{D4F3A0E7-29EF-48A2-A5B1-A125AB4C0FC1} = {05CFB6CE-3F6D-458D-AB4B-7505CFB7E151}
		{5EDDECCB-30B2-4265-A240-BAF8830E340E} = {05CFB6CE-3F6D-458D-AB4B-7505CFB7E151}
		{A08E9A53-43B3-4040-BE2F-DC617C8547ED} = {05CFB6CE-3F6D-458D-AB4B-7505CFB7E151}
		{B3076BD8-8E43-4593-879F-48E1571CF8EE} = {05CFB6CE-3F6D-458D-AB4B-7505CFB7E151}
		{81365CDB-C249-4128-8B1A-56FAD47C3605} = {05CFB6CE-3F6D-458D-AB4B-7505CFB7E151}
		{0366801E-9010-4CFB-AE93-7A53C498945E} = {3C036A7C-E6DC-413A-9867-772D601E5F43}
		{42386C08-26DA-46D7-8EFC-D2362B7F42BE} = {3C036A7C-E6DC-413A-9867-772D601E5F43}
		{83090CEF-232F-4DC7-B0A1-BFC9F3D95C97} = {3C036A7C-E6DC-413A-9867-772D601E5F43}
		{A708EB72-597E-4265-A8FF-6D0A7A14891E} = {3C036A7C-E6DC-413A-9867-772D601E5F43}
		{15581515-A9D6-4B54-BEB1-1A3845D35DA6} = {3C036A7C-E6DC-413A-9867-772D601E5F43}
		{30C78C1B-77CC-4073-A36F-FC482EE14570} = {3C036A7C-E6DC-413A-9867-772D601E5F43}
		{7C6C6768-BE1E-4186-9E0E-8A7832AB42F8} = {3C036A7C-E6DC-413A-9867-772D601E5F43}
		{378623C4-AC42-4685-91DD-A38D96109EF3} = {653528DA-B8A3-43FB-A805-BC9B9BD0FCB4}
		{73C2D7E1-3AA8-47F9-AC62-7EF52E310BD9} = {653528DA-B8A3-43FB-A805-BC9B9BD0FCB4}
		{DBAC6594-41A4-4BA1-8053-F76633CAF325} = {653528DA-B8A3-43FB-A805-BC9B9BD0FCB4}
		{75939BA3-7A51-4AD0-9B20-B66610694025} = {653528DA-B8A3-43FB-A805-BC9B9BD0FCB4}
		{432E7FD3-2DDD-4F6B-9856-F0A157DA9A23} = {653528DA-B8A3-43FB-A805-BC9B9BD0FCB4}
		{203C82FB-9678-4129-B4E8-8737E19EE4CD} = {653528DA-B8A3-43FB-A805-BC9B9BD0FCB4}
		{924C584B-4E73-4823-8561-0771CC7201B4} = {05E321BC-F2DE-4B26-9A26-30D75A2F5546}
		{6AABBC33-588C-4DB9-A386-271897D5F68F} = {05E321BC-F2DE-4B26-9A26-30D75A2F5546}
		{A13BF861-66D4-4EF0-AEBF-7C69FD472A9F} = {05E321BC-F2DE-4B26-9A26-30D75A2F5546}
		{881CEC41-C162-4085-ADCE-5174034FA3BF} = {05E321BC-F2DE-4B26-9A26-30D75A2F5546}
		{E7A9D647-8F56-4239-B9B8-D80FDD8377F2} = {05E321BC-F2DE-4B26-9A26-30D75A2F5546}
		{B7B77C6F-A673-4527-924D-D78C9199EF16} = {05E321BC-F2DE-4B26-9A26-30D75A2F5546}
		{C33D3219-49A2-4736-BB8B-3171CD7A8D29} = {1A270F0C-44AA-4A2A-96F8-6FF3F593D055}
		{92D21270-1D3B-441A-A365-347220794A48} = {1A270F0C-44AA-4A2A-96F8-6FF3F593D055}
		{2D8AFB34-406E-49CD-8FA9-56692D8FD735} = {1A270F0C-44AA-4A2A-96F8-6FF3F593D055}
		{AF44B17E-4F5B-4B32-B454-16281E796BDA} = {1A270F0C-44AA-4A2A-96F8-6FF3F593D055}
		{886CDDE5-85E0-453C-B857-D0F8DB0F07B9} = {1A270F0C-44AA-4A2A-96F8-6FF3F593D055}
		{4B610F83-2840-42DB-86CE-B4379A787AA7} = {1A270F0C-44AA-4A2A-96F8-6FF3F593D055}
		{8B295230-D4DE-4AD4-94FC-50691CE717DD} = {1A270F0C-44AA-4A2A-96F8-6FF3F593D055}
		{F66F6AE0-5970-444A-BF13-3CEC22AD1A3F} = {1A270F0C-44AA-4A2A-96F8-6FF3F593D055}
	EndGlobalSection
	GlobalSection(ExtensibilityGlobals) = postSolution
		SolutionGuid = {DCE01536-C269-40E2-9F20-68FB9B7440E0}
	EndGlobalSection
EndGlobal
